
Microsoft Visual Studio Solution File, Format Version 12.00
# Visual Studio Version 16
VisualStudioVersion = 16.0.30711.63
MinimumVisualStudioVersion = 10.0.40219.1
Project("{9A19103F-16F7-4668-BE54-9A1E7A4F7556}") = "OrigamiOrdering_GUI", "OrigamiOrdering_GUI\OrigamiOrdering_GUI.csproj", "{766402B7-51A6-4828-93DF-7D0AF3855E4B}"
EndProject
Project("{9A19103F-16F7-4668-BE54-9A1E7A4F7556}") = "OrigamiOrdering_Business", "OrigamiOrdering_Business\OrigamiOrdering_Business.csproj", "{97BE57C1-1673-4CF1-BE67-12BDC5334776}"
EndProject
Project("{9A19103F-16F7-4668-BE54-9A1E7A4F7556}") = "OrigamiOrdering_TEST", "OrigamiOrdering_TEST\OrigamiOrdering_TEST.csproj", "{5B586C56-3852-477E-BDEE-62091420FB97}"
EndProject
Project("{FAE04EC0-301F-11D3-BF4B-00C04F79EFBC}") = "OrigamiOrdering", "OrigamiOrdering\OrigamiOrdering.csproj", "{C72C43B4-6DD9-42D8-B9AE-354C17B2A29C}"
EndProject
Global
	GlobalSection(SolutionConfigurationPlatforms) = preSolution
		Debug|Any CPU = Debug|Any CPU
		Release|Any CPU = Release|Any CPU
	EndGlobalSection
	GlobalSection(ProjectConfigurationPlatforms) = postSolution
		{766402B7-51A6-4828-93DF-7D0AF3855E4B}.Debug|Any CPU.ActiveCfg = Debug|Any CPU
		{766402B7-51A6-4828-93DF-7D0AF3855E4B}.Debug|Any CPU.Build.0 = Debug|Any CPU
		{766402B7-51A6-4828-93DF-7D0AF3855E4B}.Release|Any CPU.ActiveCfg = Release|Any CPU
		{766402B7-51A6-4828-93DF-7D0AF3855E4B}.Release|Any CPU.Build.0 = Release|Any CPU
		{97BE57C1-1673-4CF1-BE67-12BDC5334776}.Debug|Any CPU.ActiveCfg = Debug|Any CPU
		{97BE57C1-1673-4CF1-BE67-12BDC5334776}.Debug|Any CPU.Build.0 = Debug|Any CPU
		{97BE57C1-1673-4CF1-BE67-12BDC5334776}.Release|Any CPU.ActiveCfg = Release|Any CPU
		{97BE57C1-1673-4CF1-BE67-12BDC5334776}.Release|Any CPU.Build.0 = Release|Any CPU
		{5B586C56-3852-477E-BDEE-62091420FB97}.Debug|Any CPU.ActiveCfg = Debug|Any CPU
		{5B586C56-3852-477E-BDEE-62091420FB97}.Debug|Any CPU.Build.0 = Debug|Any CPU
		{5B586C56-3852-477E-BDEE-62091420FB97}.Release|Any CPU.ActiveCfg = Release|Any CPU
		{5B586C56-3852-477E-BDEE-62091420FB97}.Release|Any CPU.Build.0 = Release|Any CPU
		{C72C43B4-6DD9-42D8-B9AE-354C17B2A29C}.Debug|Any CPU.ActiveCfg = Debug|Any CPU
		{C72C43B4-6DD9-42D8-B9AE-354C17B2A29C}.Debug|Any CPU.Build.0 = Debug|Any CPU
		{C72C43B4-6DD9-42D8-B9AE-354C17B2A29C}.Release|Any CPU.ActiveCfg = Release|Any CPU
		{C72C43B4-6DD9-42D8-B9AE-354C17B2A29C}.Release|Any CPU.Build.0 = Release|Any CPU
	EndGlobalSection
	GlobalSection(SolutionProperties) = preSolution
		HideSolutionNode = FALSE
	EndGlobalSection
	GlobalSection(ExtensibilityGlobals) = postSolution
		SolutionGuid = {20F3C592-1AC0-4955-AFFC-345E9DB81A90}
	EndGlobalSection
EndGlobal
